
Microsoft Visual Studio Solution File, Format Version 12.00
# Visual Studio 14
VisualStudioVersion = 14.0.25420.1
MinimumVisualStudioVersion = 10.0.40219.1
Project("{FAE04EC0-301F-11D3-BF4B-00C04F79EFBC}") = "FaultTrage_Test2", "FaultTrage_Test2\FaultTrage_Test2.csproj", "{86BBEB84-A6D8-4070-9325-257AE9308202}"
EndProject
Project("{FAE04EC0-301F-11D3-BF4B-00C04F79EFBC}") = "FaultTrage_Test2.Tests", "FaultTrage_Test2.Tests\FaultTrage_Test2.Tests.csproj", "{FB087022-6D23-4929-B84D-DEFEAD3CE608}"
EndProject
Global
	GlobalSection(SolutionConfigurationPlatforms) = preSolution
		Debug|Any CPU = Debug|Any CPU
		Release|Any CPU = Release|Any CPU
	EndGlobalSection
	GlobalSection(ProjectConfigurationPlatforms) = postSolution
		{86BBEB84-A6D8-4070-9325-257AE9308202}.Debug|Any CPU.ActiveCfg = Debug|Any CPU
		{86BBEB84-A6D8-4070-9325-257AE9308202}.Debug|Any CPU.Build.0 = Debug|Any CPU
		{86BBEB84-A6D8-4070-9325-257AE9308202}.Release|Any CPU.ActiveCfg = Release|Any CPU
		{86BBEB84-A6D8-4070-9325-257AE9308202}.Release|Any CPU.Build.0 = Release|Any CPU
		{FB087022-6D23-4929-B84D-DEFEAD3CE608}.Debug|Any CPU.ActiveCfg = Debug|Any CPU
		{FB087022-6D23-4929-B84D-DEFEAD3CE608}.Debug|Any CPU.Build.0 = Debug|Any CPU
		{FB087022-6D23-4929-B84D-DEFEAD3CE608}.Release|Any CPU.ActiveCfg = Release|Any CPU
		{FB087022-6D23-4929-B84D-DEFEAD3CE608}.Release|Any CPU.Build.0 = Release|Any CPU
	EndGlobalSection
	GlobalSection(SolutionProperties) = preSolution
		HideSolutionNode = FALSE
	EndGlobalSection
EndGlobal
